// !$*UTF8*$!
{
	archiveVersion = 1;
	classes = {
	};
	objectVersion = 46;
	objects = {

/* Begin PBXBuildFile section */
		3F5607131592C0F8002F1595 /* UIKit.framework in Frameworks */ = {isa = PBXBuildFile; fileRef = 3F5607121592C0F8002F1595 /* UIKit.framework */; };
		3F5607151592C0F8002F1595 /* Foundation.framework in Frameworks */ = {isa = PBXBuildFile; fileRef = 3F5607141592C0F8002F1595 /* Foundation.framework */; };
		3F5607171592C0F8002F1595 /* CoreGraphics.framework in Frameworks */ = {isa = PBXBuildFile; fileRef = 3F5607161592C0F8002F1595 /* CoreGraphics.framework */; };
		3F56071D1592C0F8002F1595 /* InfoPlist.strings in Resources */ = {isa = PBXBuildFile; fileRef = 3F56071B1592C0F8002F1595 /* InfoPlist.strings */; };
		3F56071F1592C0F8002F1595 /* main.m in Sources */ = {isa = PBXBuildFile; fileRef = 3F56071E1592C0F8002F1595 /* main.m */; };
		3F5607231592C0F8002F1595 /* AppDelegate.m in Sources */ = {isa = PBXBuildFile; fileRef = 3F5607221592C0F8002F1595 /* AppDelegate.m */; };
		3F5607261592C0F8002F1595 /* MainStoryboard.storyboard in Resources */ = {isa = PBXBuildFile; fileRef = 3F5607241592C0F8002F1595 /* MainStoryboard.storyboard */; };
		3F5607291592C0F8002F1595 /* ViewController.m in Sources */ = {isa = PBXBuildFile; fileRef = 3F5607281592C0F8002F1595 /* ViewController.m */; };
		3F5607311592C363002F1595 /* beauty.jpg in Resources */ = {isa = PBXBuildFile; fileRef = 3F5607301592C363002F1595 /* beauty.jpg */; };
		3F5607391592CF01002F1595 /* heart.png in Resources */ = {isa = PBXBuildFile; fileRef = 3F5607381592CF01002F1595 /* heart.png */; };
/* End PBXBuildFile section */

/* Begin PBXFileReference section */
		3F56070E1592C0F8002F1595 /* DemoView.app */ = {isa = PBXFileReference; explicitFileType = wrapper.application; includeInIndex = 0; path = DemoView.app; sourceTree = BUILT_PRODUCTS_DIR; };
		3F5607121592C0F8002F1595 /* UIKit.framework */ = {isa = PBXFileReference; lastKnownFileType = wrapper.framework; name = UIKit.framework; path = System/Library/Frameworks/UIKit.framework; sourceTree = SDKROOT; };
		3F5607141592C0F8002F1595 /* Foundation.framework */ = {isa = PBXFileReference; lastKnownFileType = wrapper.framework; name = Foundation.framework; path = System/Library/Frameworks/Foundation.framework; sourceTree = SDKROOT; };
		3F5607161592C0F8002F1595 /* CoreGraphics.framework */ = {isa = PBXFileReference; lastKnownFileType = wrapper.framework; name = CoreGraphics.framework; path = System/Library/Frameworks/CoreGraphics.framework; sourceTree = SDKROOT; };
		3F56071A1592C0F8002F1595 /* DemoView-Info.plist */ = {isa = PBXFileReference; lastKnownFileType = text.plist.xml; path = "DemoView-Info.plist"; sourceTree = "<group>"; };
		3F56071C1592C0F8002F1595 /* en */ = {isa = PBXFileReference; lastKnownFileType = text.plist.strings; name = en; path = en.lproj/InfoPlist.strings; sourceTree = "<group>"; };
		3F56071E1592C0F8002F1595 /* main.m */ = {isa = PBXFileReference; lastKnownFileType = sourcecode.c.objc; path = main.m; sourceTree = "<group>"; };
		3F5607201592C0F8002F1595 /* DemoView-Prefix.pch */ = {isa = PBXFileReference; lastKnownFileType = sourcecode.c.h; path = "DemoView-Prefix.pch"; sourceTree = "<group>"; };
		3F5607211592C0F8002F1595 /* AppDelegate.h */ = {isa = PBXFileReference; lastKnownFileType = sourcecode.c.h; path = AppDelegate.h; sourceTree = "<group>"; };
		3F5607221592C0F8002F1595 /* AppDelegate.m */ = {isa = PBXFileReference; lastKnownFileType = sourcecode.c.objc; path = AppDelegate.m; sourceTree = "<group>"; };
		3F5607251592C0F8002F1595 /* en */ = {isa = PBXFileReference; lastKnownFileType = file.storyboard; name = en; path = en.lproj/MainStoryboard.storyboard; sourceTree = "<group>"; };
		3F5607271592C0F8002F1595 /* ViewController.h */ = {isa = PBXFileReference; lastKnownFileType = sourcecode.c.h; path = ViewController.h; sourceTree = "<group>"; };
		3F5607281592C0F8002F1595 /* ViewController.m */ = {isa = PBXFileReference; lastKnownFileType = sourcecode.c.objc; path = ViewController.m; sourceTree = "<group>"; };
		3F5607301592C363002F1595 /* beauty.jpg */ = {isa = PBXFileReference; lastKnownFileType = image.jpeg; path = beauty.jpg; sourceTree = "<group>"; };
		3F5607381592CF01002F1595 /* heart.png */ = {isa = PBXFileReference; lastKnownFileType = image.png; path = heart.png; sourceTree = "<group>"; };
/* End PBXFileReference section */

/* Begin PBXFrameworksBuildPhase section */
		3F56070B1592C0F8002F1595 /* Frameworks */ = {
			isa = PBXFrameworksBuildPhase;
			buildActionMask = 2147483647;
			files = (
				3F5607131592C0F8002F1595 /* UIKit.framework in Frameworks */,
				3F5607151592C0F8002F1595 /* Foundation.framework in Frameworks */,
				3F5607171592C0F8002F1595 /* CoreGraphics.framework in Frameworks */,
			);
			runOnlyForDeploymentPostprocessing = 0;
		};
/* End PBXFrameworksBuildPhase section */

/* Begin PBXGroup section */
		3F5607031592C0F8002F1595 = {
			isa = PBXGroup;
			children = (
				3F5607181592C0F8002F1595 /* DemoView */,
				3F5607111592C0F8002F1595 /* Frameworks */,
				3F56070F1592C0F8002F1595 /* Products */,
			);
			sourceTree = "<group>";
		};
		3F56070F1592C0F8002F1595 /* Products */ = {
			isa = PBXGroup;
			children = (
				3F56070E1592C0F8002F1595 /* DemoView.app */,
			);
			name = Products;
			sourceTree = "<group>";
		};
		3F5607111592C0F8002F1595 /* Frameworks */ = {
			isa = PBXGroup;
			children = (
				3F5607121592C0F8002F1595 /* UIKit.framework */,
				3F5607141592C0F8002F1595 /* Foundation.framework */,
				3F5607161592C0F8002F1595 /* CoreGraphics.framework */,
			);
			name = Frameworks;
			sourceTree = "<group>";
		};
		3F5607181592C0F8002F1595 /* DemoView */ = {
			isa = PBXGroup;
			children = (
				3F56072F1592C357002F1595 /* resources */,
				3F5607211592C0F8002F1595 /* AppDelegate.h */,
				3F5607221592C0F8002F1595 /* AppDelegate.m */,
				3F5607241592C0F8002F1595 /* MainStoryboard.storyboard */,
				3F5607271592C0F8002F1595 /* ViewController.h */,
				3F5607281592C0F8002F1595 /* ViewController.m */,
				3F5607191592C0F8002F1595 /* Supporting Files */,
			);
			path = DemoView;
			sourceTree = "<group>";
		};
		3F5607191592C0F8002F1595 /* Supporting Files */ = {
			isa = PBXGroup;
			children = (
				3F56071A1592C0F8002F1595 /* DemoView-Info.plist */,
				3F56071B1592C0F8002F1595 /* InfoPlist.strings */,
				3F56071E1592C0F8002F1595 /* main.m */,
				3F5607201592C0F8002F1595 /* DemoView-Prefix.pch */,
			);
			name = "Supporting Files";
			sourceTree = "<group>";
		};
		3F56072F1592C357002F1595 /* resources */ = {
			isa = PBXGroup;
			children = (
				3F5607381592CF01002F1595 /* heart.png */,
				3F5607301592C363002F1595 /* beauty.jpg */,
			);
			name = resources;
			sourceTree = "<group>";
		};
/* End PBXGroup section */

/* Begin PBXNativeTarget section */
		3F56070D1592C0F8002F1595 /* DemoView */ = {
			isa = PBXNativeTarget;
			buildConfigurationList = 3F56072C1592C0F8002F1595 /* Build configuration list for PBXNativeTarget "DemoView" */;
			buildPhases = (
				3F56070A1592C0F8002F1595 /* Sources */,
				3F56070B1592C0F8002F1595 /* Frameworks */,
				3F56070C1592C0F8002F1595 /* Resources */,
			);
			buildRules = (
			);
			dependencies = (
			);
			name = DemoView;
			productName = DemoView;
			productReference = 3F56070E1592C0F8002F1595 /* DemoView.app */;
			productType = "com.apple.product-type.application";
		};
/* End PBXNativeTarget section */

/* Begin PBXProject section */
		3F5607051592C0F8002F1595 /* Project object */ = {
			isa = PBXProject;
			attributes = {
				LastUpgradeCheck = 0430;
			};
			buildConfigurationList = 3F5607081592C0F8002F1595 /* Build configuration list for PBXProject "DemoView" */;
			compatibilityVersion = "Xcode 3.2";
			developmentRegion = English;
			hasScannedForEncodings = 0;
			knownRegions = (
				en,
			);
			mainGroup = 3F5607031592C0F8002F1595;
			productRefGroup = 3F56070F1592C0F8002F1595 /* Products */;
			projectDirPath = "";
			projectRoot = "";
			targets = (
				3F56070D1592C0F8002F1595 /* DemoView */,
			);
		};
/* End PBXProject section */

/* Begin PBXResourcesBuildPhase section */
		3F56070C1592C0F8002F1595 /* Resources */ = {
			isa = PBXResourcesBuildPhase;
			buildActionMask = 2147483647;
			files = (
				3F56071D1592C0F8002F1595 /* InfoPlist.strings in Resources */,
				3F5607261592C0F8002F1595 /* MainStoryboard.storyboard in Resources */,
				3F5607311592C363002F1595 /* beauty.jpg in Resources */,
				3F5607391592CF01002F1595 /* heart.png in Resources */,
			);
			runOnlyForDeploymentPostprocessing = 0;
		};
/* End PBXResourcesBuildPhase section */

/* Begin PBXSourcesBuildPhase section */
		3F56070A1592C0F8002F1595 /* Sources */ = {
			isa = PBXSourcesBuildPhase;
			buildActionMask = 2147483647;
			files = (
				3F56071F1592C0F8002F1595 /* main.m in Sources */,
				3F5607231592C0F8002F1595 /* AppDelegate.m in Sources */,
				3F5607291592C0F8002F1595 /* ViewController.m in Sources */,
			);
			runOnlyForDeploymentPostprocessing = 0;
		};
/* End PBXSourcesBuildPhase section */

/* Begin PBXVariantGroup section */
		3F56071B1592C0F8002F1595 /* InfoPlist.strings */ = {
			isa = PBXVariantGroup;
			children = (
				3F56071C1592C0F8002F1595 /* en */,
			);
			name = InfoPlist.strings;
			sourceTree = "<group>";
		};
		3F5607241592C0F8002F1595 /* MainStoryboard.storyboard */ = {
			isa = PBXVariantGroup;
			children = (
				3F5607251592C0F8002F1595 /* en */,
			);
			name = MainStoryboard.storyboard;
			sourceTree = "<group>";
		};
/* End PBXVariantGroup section */

/* Begin XCBuildConfiguration section */
		3F56072A1592C0F8002F1595 /* Debug */ = {
			isa = XCBuildConfiguration;
			buildSettings = {
				ALWAYS_SEARCH_USER_PATHS = NO;
				ARCHS = "$(ARCHS_STANDARD_32_BIT)";
				CLANG_ENABLE_OBJC_ARC = YES;
				"CODE_SIGN_IDENTITY[sdk=iphoneos*]" = "iPhone Developer";
				COPY_PHASE_STRIP = NO;
				GCC_C_LANGUAGE_STANDARD = gnu99;
				GCC_DYNAMIC_NO_PIC = NO;
				GCC_OPTIMIZATION_LEVEL = 0;
				GCC_PREPROCESSOR_DEFINITIONS = (
					"DEBUG=1",
					"$(inherited)",
				);
				GCC_SYMBOLS_PRIVATE_EXTERN = NO;
				GCC_VERSION = com.apple.compilers.llvm.clang.1_0;
				GCC_WARN_ABOUT_RETURN_TYPE = YES;
				GCC_WARN_UNINITIALIZED_AUTOS = YES;
				GCC_WARN_UNUSED_VARIABLE = YES;
				IPHONEOS_DEPLOYMENT_TARGET = 5.1;
				SDKROOT = iphoneos;
			};
			name = Debug;
		};
		3F56072B1592C0F8002F1595 /* Release */ = {
			isa = XCBuildConfiguration;
			buildSettings = {
				ALWAYS_SEARCH_USER_PATHS = NO;
				ARCHS = "$(ARCHS_STANDARD_32_BIT)";
				CLANG_ENABLE_OBJC_ARC = YES;
				"CODE_SIGN_IDENTITY[sdk=iphoneos*]" = "iPhone Developer";
				COPY_PHASE_STRIP = YES;
				GCC_C_LANGUAGE_STANDARD = gnu99;
				GCC_VERSION = com.apple.compilers.llvm.clang.1_0;
				GCC_WARN_ABOUT_RETURN_TYPE = YES;
				GCC_WARN_UNINITIALIZED_AUTOS = YES;
				GCC_WARN_UNUSED_VARIABLE = YES;
				IPHONEOS_DEPLOYMENT_TARGET = 5.1;
				OTHER_CFLAGS = "-DNS_BLOCK_ASSERTIONS=1";
				SDKROOT = iphoneos;
				VALIDATE_PRODUCT = YES;
			};
			name = Release;
		};
		3F56072D1592C0F8002F1595 /* Debug */ = {
			isa = XCBuildConfiguration;
			buildSettings = {
				GCC_PRECOMPILE_PREFIX_HEADER = YES;
				GCC_PREFIX_HEADER = "DemoView/DemoView-Prefix.pch";
				INFOPLIST_FILE = "DemoView/DemoView-Info.plist";
				PRODUCT_NAME = "$(TARGET_NAME)";
				WRAPPER_EXTENSION = app;
			};
			name = Debug;
		};
		3F56072E1592C0F8002F1595 /* Release */ = {
			isa = XCBuildConfiguration;
			buildSettings = {
				GCC_PRECOMPILE_PREFIX_HEADER = YES;
				GCC_PREFIX_HEADER = "DemoView/DemoView-Prefix.pch";
				INFOPLIST_FILE = "DemoView/DemoView-Info.plist";
				PRODUCT_NAME = "$(TARGET_NAME)";
				WRAPPER_EXTENSION = app;
			};
			name = Release;
		};
/* End XCBuildConfiguration section */

/* Begin XCConfigurationList section */
		3F5607081592C0F8002F1595 /* Build configuration list for PBXProject "DemoView" */ = {
			isa = XCConfigurationList;
			buildConfigurations = (
				3F56072A1592C0F8002F1595 /* Debug */,
				3F56072B1592C0F8002F1595 /* Release */,
			);
			defaultConfigurationIsVisible = 0;
			defaultConfigurationName = Release;
		};
		3F56072C1592C0F8002F1595 /* Build configuration list for PBXNativeTarget "DemoView" */ = {
			isa = XCConfigurationList;
			buildConfigurations = (
				3F56072D1592C0F8002F1595 /* Debug */,
				3F56072E1592C0F8002F1595 /* Release */,
			);
			defaultConfigurationIsVisible = 0;
		};
/* End XCConfigurationList section */
	};
	rootObject = 3F5607051592C0F8002F1595 /* Project object */;
}
