// !$*UTF8*$!
{
	archiveVersion = 1;
	classes = {
	};
	objectVersion = 46;
	objects = {

/* Begin PBXBuildFile section */
		5778AB6A1950612200094A03 /* Foundation.framework in Frameworks */ = {isa = PBXBuildFile; fileRef = 5778AB691950612200094A03 /* Foundation.framework */; };
		5778AB6C1950612200094A03 /* CoreGraphics.framework in Frameworks */ = {isa = PBXBuildFile; fileRef = 5778AB6B1950612200094A03 /* CoreGraphics.framework */; };
		5778AB6E1950612200094A03 /* UIKit.framework in Frameworks */ = {isa = PBXBuildFile; fileRef = 5778AB6D1950612200094A03 /* UIKit.framework */; };
		5778AB741950612200094A03 /* InfoPlist.strings in Resources */ = {isa = PBXBuildFile; fileRef = 5778AB721950612200094A03 /* InfoPlist.strings */; };
		5778AB761950612200094A03 /* main.m in Sources */ = {isa = PBXBuildFile; fileRef = 5778AB751950612200094A03 /* main.m */; };
		5778AB7A1950612200094A03 /* AppDelegate.m in Sources */ = {isa = PBXBuildFile; fileRef = 5778AB791950612200094A03 /* AppDelegate.m */; };
		5778AB7D1950612200094A03 /* Main.storyboard in Resources */ = {isa = PBXBuildFile; fileRef = 5778AB7B1950612200094A03 /* Main.storyboard */; };
		5778AB801950612200094A03 /* ViewController.m in Sources */ = {isa = PBXBuildFile; fileRef = 5778AB7F1950612200094A03 /* ViewController.m */; };
		5778AB821950612200094A03 /* Images.xcassets in Resources */ = {isa = PBXBuildFile; fileRef = 5778AB811950612200094A03 /* Images.xcassets */; };
		5778AB891950612200094A03 /* XCTest.framework in Frameworks */ = {isa = PBXBuildFile; fileRef = 5778AB881950612200094A03 /* XCTest.framework */; };
		5778AB8A1950612200094A03 /* Foundation.framework in Frameworks */ = {isa = PBXBuildFile; fileRef = 5778AB691950612200094A03 /* Foundation.framework */; };
		5778AB8B1950612200094A03 /* UIKit.framework in Frameworks */ = {isa = PBXBuildFile; fileRef = 5778AB6D1950612200094A03 /* UIKit.framework */; };
		5778AB931950612200094A03 /* InfoPlist.strings in Resources */ = {isa = PBXBuildFile; fileRef = 5778AB911950612200094A03 /* InfoPlist.strings */; };
		5778AB951950612200094A03 /* DemoObjCTests.m in Sources */ = {isa = PBXBuildFile; fileRef = 5778AB941950612200094A03 /* DemoObjCTests.m */; };
/* End PBXBuildFile section */

/* Begin PBXContainerItemProxy section */
		5778AB8C1950612200094A03 /* PBXContainerItemProxy */ = {
			isa = PBXContainerItemProxy;
			containerPortal = 5778AB5E1950612200094A03 /* Project object */;
			proxyType = 1;
			remoteGlobalIDString = 5778AB651950612200094A03;
			remoteInfo = DemoObjC;
		};
/* End PBXContainerItemProxy section */

/* Begin PBXFileReference section */
		5778AB661950612200094A03 /* DemoObjC.app */ = {isa = PBXFileReference; explicitFileType = wrapper.application; includeInIndex = 0; path = DemoObjC.app; sourceTree = BUILT_PRODUCTS_DIR; };
		5778AB691950612200094A03 /* Foundation.framework */ = {isa = PBXFileReference; lastKnownFileType = wrapper.framework; name = Foundation.framework; path = System/Library/Frameworks/Foundation.framework; sourceTree = SDKROOT; };
		5778AB6B1950612200094A03 /* CoreGraphics.framework */ = {isa = PBXFileReference; lastKnownFileType = wrapper.framework; name = CoreGraphics.framework; path = System/Library/Frameworks/CoreGraphics.framework; sourceTree = SDKROOT; };
		5778AB6D1950612200094A03 /* UIKit.framework */ = {isa = PBXFileReference; lastKnownFileType = wrapper.framework; name = UIKit.framework; path = System/Library/Frameworks/UIKit.framework; sourceTree = SDKROOT; };
		5778AB711950612200094A03 /* DemoObjC-Info.plist */ = {isa = PBXFileReference; lastKnownFileType = text.plist.xml; path = "DemoObjC-Info.plist"; sourceTree = "<group>"; };
		5778AB731950612200094A03 /* en */ = {isa = PBXFileReference; lastKnownFileType = text.plist.strings; name = en; path = en.lproj/InfoPlist.strings; sourceTree = "<group>"; };
		5778AB751950612200094A03 /* main.m */ = {isa = PBXFileReference; lastKnownFileType = sourcecode.c.objc; path = main.m; sourceTree = "<group>"; };
		5778AB771950612200094A03 /* DemoObjC-Prefix.pch */ = {isa = PBXFileReference; lastKnownFileType = sourcecode.c.h; path = "DemoObjC-Prefix.pch"; sourceTree = "<group>"; };
		5778AB781950612200094A03 /* AppDelegate.h */ = {isa = PBXFileReference; lastKnownFileType = sourcecode.c.h; path = AppDelegate.h; sourceTree = "<group>"; };
		5778AB791950612200094A03 /* AppDelegate.m */ = {isa = PBXFileReference; lastKnownFileType = sourcecode.c.objc; path = AppDelegate.m; sourceTree = "<group>"; };
		5778AB7C1950612200094A03 /* Base */ = {isa = PBXFileReference; lastKnownFileType = file.storyboard; name = Base; path = Base.lproj/Main.storyboard; sourceTree = "<group>"; };
		5778AB7E1950612200094A03 /* ViewController.h */ = {isa = PBXFileReference; lastKnownFileType = sourcecode.c.h; path = ViewController.h; sourceTree = "<group>"; };
		5778AB7F1950612200094A03 /* ViewController.m */ = {isa = PBXFileReference; lastKnownFileType = sourcecode.c.objc; path = ViewController.m; sourceTree = "<group>"; };
		5778AB811950612200094A03 /* Images.xcassets */ = {isa = PBXFileReference; lastKnownFileType = folder.assetcatalog; path = Images.xcassets; sourceTree = "<group>"; };
		5778AB871950612200094A03 /* DemoObjCTests.xctest */ = {isa = PBXFileReference; explicitFileType = wrapper.cfbundle; includeInIndex = 0; path = DemoObjCTests.xctest; sourceTree = BUILT_PRODUCTS_DIR; };
		5778AB881950612200094A03 /* XCTest.framework */ = {isa = PBXFileReference; lastKnownFileType = wrapper.framework; name = XCTest.framework; path = Library/Frameworks/XCTest.framework; sourceTree = DEVELOPER_DIR; };
		5778AB901950612200094A03 /* DemoObjCTests-Info.plist */ = {isa = PBXFileReference; lastKnownFileType = text.plist.xml; path = "DemoObjCTests-Info.plist"; sourceTree = "<group>"; };
		5778AB921950612200094A03 /* en */ = {isa = PBXFileReference; lastKnownFileType = text.plist.strings; name = en; path = en.lproj/InfoPlist.strings; sourceTree = "<group>"; };
		5778AB941950612200094A03 /* DemoObjCTests.m */ = {isa = PBXFileReference; lastKnownFileType = sourcecode.c.objc; path = DemoObjCTests.m; sourceTree = "<group>"; };
/* End PBXFileReference section */

/* Begin PBXFrameworksBuildPhase section */
		5778AB631950612200094A03 /* Frameworks */ = {
			isa = PBXFrameworksBuildPhase;
			buildActionMask = 2147483647;
			files = (
				5778AB6C1950612200094A03 /* CoreGraphics.framework in Frameworks */,
				5778AB6E1950612200094A03 /* UIKit.framework in Frameworks */,
				5778AB6A1950612200094A03 /* Foundation.framework in Frameworks */,
			);
			runOnlyForDeploymentPostprocessing = 0;
		};
		5778AB841950612200094A03 /* Frameworks */ = {
			isa = PBXFrameworksBuildPhase;
			buildActionMask = 2147483647;
			files = (
				5778AB891950612200094A03 /* XCTest.framework in Frameworks */,
				5778AB8B1950612200094A03 /* UIKit.framework in Frameworks */,
				5778AB8A1950612200094A03 /* Foundation.framework in Frameworks */,
			);
			runOnlyForDeploymentPostprocessing = 0;
		};
/* End PBXFrameworksBuildPhase section */

/* Begin PBXGroup section */
		5778AB5D1950612200094A03 = {
			isa = PBXGroup;
			children = (
				5778AB6F1950612200094A03 /* DemoObjC */,
				5778AB8E1950612200094A03 /* DemoObjCTests */,
				5778AB681950612200094A03 /* Frameworks */,
				5778AB671950612200094A03 /* Products */,
			);
			sourceTree = "<group>";
		};
		5778AB671950612200094A03 /* Products */ = {
			isa = PBXGroup;
			children = (
				5778AB661950612200094A03 /* DemoObjC.app */,
				5778AB871950612200094A03 /* DemoObjCTests.xctest */,
			);
			name = Products;
			sourceTree = "<group>";
		};
		5778AB681950612200094A03 /* Frameworks */ = {
			isa = PBXGroup;
			children = (
				5778AB691950612200094A03 /* Foundation.framework */,
				5778AB6B1950612200094A03 /* CoreGraphics.framework */,
				5778AB6D1950612200094A03 /* UIKit.framework */,
				5778AB881950612200094A03 /* XCTest.framework */,
			);
			name = Frameworks;
			sourceTree = "<group>";
		};
		5778AB6F1950612200094A03 /* DemoObjC */ = {
			isa = PBXGroup;
			children = (
				5778AB781950612200094A03 /* AppDelegate.h */,
				5778AB791950612200094A03 /* AppDelegate.m */,
				5778AB7B1950612200094A03 /* Main.storyboard */,
				5778AB7E1950612200094A03 /* ViewController.h */,
				5778AB7F1950612200094A03 /* ViewController.m */,
				5778AB811950612200094A03 /* Images.xcassets */,
				5778AB701950612200094A03 /* Supporting Files */,
			);
			path = DemoObjC;
			sourceTree = "<group>";
		};
		5778AB701950612200094A03 /* Supporting Files */ = {
			isa = PBXGroup;
			children = (
				5778AB711950612200094A03 /* DemoObjC-Info.plist */,
				5778AB721950612200094A03 /* InfoPlist.strings */,
				5778AB751950612200094A03 /* main.m */,
				5778AB771950612200094A03 /* DemoObjC-Prefix.pch */,
			);
			name = "Supporting Files";
			sourceTree = "<group>";
		};
		5778AB8E1950612200094A03 /* DemoObjCTests */ = {
			isa = PBXGroup;
			children = (
				5778AB941950612200094A03 /* DemoObjCTests.m */,
				5778AB8F1950612200094A03 /* Supporting Files */,
			);
			path = DemoObjCTests;
			sourceTree = "<group>";
		};
		5778AB8F1950612200094A03 /* Supporting Files */ = {
			isa = PBXGroup;
			children = (
				5778AB901950612200094A03 /* DemoObjCTests-Info.plist */,
				5778AB911950612200094A03 /* InfoPlist.strings */,
			);
			name = "Supporting Files";
			sourceTree = "<group>";
		};
/* End PBXGroup section */

/* Begin PBXNativeTarget section */
		5778AB651950612200094A03 /* DemoObjC */ = {
			isa = PBXNativeTarget;
			buildConfigurationList = 5778AB981950612200094A03 /* Build configuration list for PBXNativeTarget "DemoObjC" */;
			buildPhases = (
				5778AB621950612200094A03 /* Sources */,
				5778AB631950612200094A03 /* Frameworks */,
				5778AB641950612200094A03 /* Resources */,
			);
			buildRules = (
			);
			dependencies = (
			);
			name = DemoObjC;
			productName = DemoObjC;
			productReference = 5778AB661950612200094A03 /* DemoObjC.app */;
			productType = "com.apple.product-type.application";
		};
		5778AB861950612200094A03 /* DemoObjCTests */ = {
			isa = PBXNativeTarget;
			buildConfigurationList = 5778AB9B1950612200094A03 /* Build configuration list for PBXNativeTarget "DemoObjCTests" */;
			buildPhases = (
				5778AB831950612200094A03 /* Sources */,
				5778AB841950612200094A03 /* Frameworks */,
				5778AB851950612200094A03 /* Resources */,
			);
			buildRules = (
			);
			dependencies = (
				5778AB8D1950612200094A03 /* PBXTargetDependency */,
			);
			name = DemoObjCTests;
			productName = DemoObjCTests;
			productReference = 5778AB871950612200094A03 /* DemoObjCTests.xctest */;
			productType = "com.apple.product-type.bundle.unit-test";
		};
/* End PBXNativeTarget section */

/* Begin PBXProject section */
		5778AB5E1950612200094A03 /* Project object */ = {
			isa = PBXProject;
			attributes = {
				LastUpgradeCheck = 0510;
				ORGANIZATIONNAME = SonDT;
				TargetAttributes = {
					5778AB861950612200094A03 = {
						TestTargetID = 5778AB651950612200094A03;
					};
				};
			};
			buildConfigurationList = 5778AB611950612200094A03 /* Build configuration list for PBXProject "DemoObjC" */;
			compatibilityVersion = "Xcode 3.2";
			developmentRegion = English;
			hasScannedForEncodings = 0;
			knownRegions = (
				en,
				Base,
			);
			mainGroup = 5778AB5D1950612200094A03;
			productRefGroup = 5778AB671950612200094A03 /* Products */;
			projectDirPath = "";
			projectRoot = "";
			targets = (
				5778AB651950612200094A03 /* DemoObjC */,
				5778AB861950612200094A03 /* DemoObjCTests */,
			);
		};
/* End PBXProject section */

/* Begin PBXResourcesBuildPhase section */
		5778AB641950612200094A03 /* Resources */ = {
			isa = PBXResourcesBuildPhase;
			buildActionMask = 2147483647;
			files = (
				5778AB821950612200094A03 /* Images.xcassets in Resources */,
				5778AB741950612200094A03 /* InfoPlist.strings in Resources */,
				5778AB7D1950612200094A03 /* Main.storyboard in Resources */,
			);
			runOnlyForDeploymentPostprocessing = 0;
		};
		5778AB851950612200094A03 /* Resources */ = {
			isa = PBXResourcesBuildPhase;
			buildActionMask = 2147483647;
			files = (
				5778AB931950612200094A03 /* InfoPlist.strings in Resources */,
			);
			runOnlyForDeploymentPostprocessing = 0;
		};
/* End PBXResourcesBuildPhase section */

/* Begin PBXSourcesBuildPhase section */
		5778AB621950612200094A03 /* Sources */ = {
			isa = PBXSourcesBuildPhase;
			buildActionMask = 2147483647;
			files = (
				5778AB801950612200094A03 /* ViewController.m in Sources */,
				5778AB7A1950612200094A03 /* AppDelegate.m in Sources */,
				5778AB761950612200094A03 /* main.m in Sources */,
			);
			runOnlyForDeploymentPostprocessing = 0;
		};
		5778AB831950612200094A03 /* Sources */ = {
			isa = PBXSourcesBuildPhase;
			buildActionMask = 2147483647;
			files = (
				5778AB951950612200094A03 /* DemoObjCTests.m in Sources */,
			);
			runOnlyForDeploymentPostprocessing = 0;
		};
/* End PBXSourcesBuildPhase section */

/* Begin PBXTargetDependency section */
		5778AB8D1950612200094A03 /* PBXTargetDependency */ = {
			isa = PBXTargetDependency;
			target = 5778AB651950612200094A03 /* DemoObjC */;
			targetProxy = 5778AB8C1950612200094A03 /* PBXContainerItemProxy */;
		};
/* End PBXTargetDependency section */

/* Begin PBXVariantGroup section */
		5778AB721950612200094A03 /* InfoPlist.strings */ = {
			isa = PBXVariantGroup;
			children = (
				5778AB731950612200094A03 /* en */,
			);
			name = InfoPlist.strings;
			sourceTree = "<group>";
		};
		5778AB7B1950612200094A03 /* Main.storyboard */ = {
			isa = PBXVariantGroup;
			children = (
				5778AB7C1950612200094A03 /* Base */,
			);
			name = Main.storyboard;
			sourceTree = "<group>";
		};
		5778AB911950612200094A03 /* InfoPlist.strings */ = {
			isa = PBXVariantGroup;
			children = (
				5778AB921950612200094A03 /* en */,
			);
			name = InfoPlist.strings;
			sourceTree = "<group>";
		};
/* End PBXVariantGroup section */

/* Begin XCBuildConfiguration section */
		5778AB961950612200094A03 /* Debug */ = {
			isa = XCBuildConfiguration;
			buildSettings = {
				ALWAYS_SEARCH_USER_PATHS = NO;
				CLANG_CXX_LANGUAGE_STANDARD = "gnu++0x";
				CLANG_CXX_LIBRARY = "libc++";
				CLANG_ENABLE_MODULES = YES;
				CLANG_ENABLE_OBJC_ARC = YES;
				CLANG_WARN_BOOL_CONVERSION = YES;
				CLANG_WARN_CONSTANT_CONVERSION = YES;
				CLANG_WARN_DIRECT_OBJC_ISA_USAGE = YES_ERROR;
				CLANG_WARN_EMPTY_BODY = YES;
				CLANG_WARN_ENUM_CONVERSION = YES;
				CLANG_WARN_INT_CONVERSION = YES;
				CLANG_WARN_OBJC_ROOT_CLASS = YES_ERROR;
				CLANG_WARN__DUPLICATE_METHOD_MATCH = YES;
				"CODE_SIGN_IDENTITY[sdk=iphoneos*]" = "iPhone Developer";
				COPY_PHASE_STRIP = NO;
				GCC_C_LANGUAGE_STANDARD = gnu99;
				GCC_DYNAMIC_NO_PIC = NO;
				GCC_OPTIMIZATION_LEVEL = 0;
				GCC_PREPROCESSOR_DEFINITIONS = (
					"DEBUG=1",
					"$(inherited)",
				);
				GCC_SYMBOLS_PRIVATE_EXTERN = NO;
				GCC_WARN_64_TO_32_BIT_CONVERSION = YES;
				GCC_WARN_ABOUT_RETURN_TYPE = YES_ERROR;
				GCC_WARN_UNDECLARED_SELECTOR = YES;
				GCC_WARN_UNINITIALIZED_AUTOS = YES_AGGRESSIVE;
				GCC_WARN_UNUSED_FUNCTION = YES;
				GCC_WARN_UNUSED_VARIABLE = YES;
				IPHONEOS_DEPLOYMENT_TARGET = 7.1;
				ONLY_ACTIVE_ARCH = YES;
				SDKROOT = iphoneos;
			};
			name = Debug;
		};
		5778AB971950612200094A03 /* Release */ = {
			isa = XCBuildConfiguration;
			buildSettings = {
				ALWAYS_SEARCH_USER_PATHS = NO;
				CLANG_CXX_LANGUAGE_STANDARD = "gnu++0x";
				CLANG_CXX_LIBRARY = "libc++";
				CLANG_ENABLE_MODULES = YES;
				CLANG_ENABLE_OBJC_ARC = YES;
				CLANG_WARN_BOOL_CONVERSION = YES;
				CLANG_WARN_CONSTANT_CONVERSION = YES;
				CLANG_WARN_DIRECT_OBJC_ISA_USAGE = YES_ERROR;
				CLANG_WARN_EMPTY_BODY = YES;
				CLANG_WARN_ENUM_CONVERSION = YES;
				CLANG_WARN_INT_CONVERSION = YES;
				CLANG_WARN_OBJC_ROOT_CLASS = YES_ERROR;
				CLANG_WARN__DUPLICATE_METHOD_MATCH = YES;
				"CODE_SIGN_IDENTITY[sdk=iphoneos*]" = "iPhone Developer";
				COPY_PHASE_STRIP = YES;
				ENABLE_NS_ASSERTIONS = NO;
				GCC_C_LANGUAGE_STANDARD = gnu99;
				GCC_WARN_64_TO_32_BIT_CONVERSION = YES;
				GCC_WARN_ABOUT_RETURN_TYPE = YES_ERROR;
				GCC_WARN_UNDECLARED_SELECTOR = YES;
				GCC_WARN_UNINITIALIZED_AUTOS = YES_AGGRESSIVE;
				GCC_WARN_UNUSED_FUNCTION = YES;
				GCC_WARN_UNUSED_VARIABLE = YES;
				IPHONEOS_DEPLOYMENT_TARGET = 7.1;
				SDKROOT = iphoneos;
				VALIDATE_PRODUCT = YES;
			};
			name = Release;
		};
		5778AB991950612200094A03 /* Debug */ = {
			isa = XCBuildConfiguration;
			buildSettings = {
				ASSETCATALOG_COMPILER_APPICON_NAME = AppIcon;
				ASSETCATALOG_COMPILER_LAUNCHIMAGE_NAME = LaunchImage;
				GCC_PRECOMPILE_PREFIX_HEADER = YES;
				GCC_PREFIX_HEADER = "DemoObjC/DemoObjC-Prefix.pch";
				INFOPLIST_FILE = "DemoObjC/DemoObjC-Info.plist";
				PRODUCT_NAME = "$(TARGET_NAME)";
				WRAPPER_EXTENSION = app;
			};
			name = Debug;
		};
		5778AB9A1950612200094A03 /* Release */ = {
			isa = XCBuildConfiguration;
			buildSettings = {
				ASSETCATALOG_COMPILER_APPICON_NAME = AppIcon;
				ASSETCATALOG_COMPILER_LAUNCHIMAGE_NAME = LaunchImage;
				GCC_PRECOMPILE_PREFIX_HEADER = YES;
				GCC_PREFIX_HEADER = "DemoObjC/DemoObjC-Prefix.pch";
				INFOPLIST_FILE = "DemoObjC/DemoObjC-Info.plist";
				PRODUCT_NAME = "$(TARGET_NAME)";
				WRAPPER_EXTENSION = app;
			};
			name = Release;
		};
		5778AB9C1950612200094A03 /* Debug */ = {
			isa = XCBuildConfiguration;
			buildSettings = {
				BUNDLE_LOADER = "$(BUILT_PRODUCTS_DIR)/DemoObjC.app/DemoObjC";
				FRAMEWORK_SEARCH_PATHS = (
					"$(SDKROOT)/Developer/Library/Frameworks",
					"$(inherited)",
					"$(DEVELOPER_FRAMEWORKS_DIR)",
				);
				GCC_PRECOMPILE_PREFIX_HEADER = YES;
				GCC_PREFIX_HEADER = "DemoObjC/DemoObjC-Prefix.pch";
				GCC_PREPROCESSOR_DEFINITIONS = (
					"DEBUG=1",
					"$(inherited)",
				);
				INFOPLIST_FILE = "DemoObjCTests/DemoObjCTests-Info.plist";
				PRODUCT_NAME = "$(TARGET_NAME)";
				TEST_HOST = "$(BUNDLE_LOADER)";
				WRAPPER_EXTENSION = xctest;
			};
			name = Debug;
		};
		5778AB9D1950612200094A03 /* Release */ = {
			isa = XCBuildConfiguration;
			buildSettings = {
				BUNDLE_LOADER = "$(BUILT_PRODUCTS_DIR)/DemoObjC.app/DemoObjC";
				FRAMEWORK_SEARCH_PATHS = (
					"$(SDKROOT)/Developer/Library/Frameworks",
					"$(inherited)",
					"$(DEVELOPER_FRAMEWORKS_DIR)",
				);
				GCC_PRECOMPILE_PREFIX_HEADER = YES;
				GCC_PREFIX_HEADER = "DemoObjC/DemoObjC-Prefix.pch";
				INFOPLIST_FILE = "DemoObjCTests/DemoObjCTests-Info.plist";
				PRODUCT_NAME = "$(TARGET_NAME)";
				TEST_HOST = "$(BUNDLE_LOADER)";
				WRAPPER_EXTENSION = xctest;
			};
			name = Release;
		};
/* End XCBuildConfiguration section */

/* Begin XCConfigurationList section */
		5778AB611950612200094A03 /* Build configuration list for PBXProject "DemoObjC" */ = {
			isa = XCConfigurationList;
			buildConfigurations = (
				5778AB961950612200094A03 /* Debug */,
				5778AB971950612200094A03 /* Release */,
			);
			defaultConfigurationIsVisible = 0;
			defaultConfigurationName = Release;
		};
		5778AB981950612200094A03 /* Build configuration list for PBXNativeTarget "DemoObjC" */ = {
			isa = XCConfigurationList;
			buildConfigurations = (
				5778AB991950612200094A03 /* Debug */,
				5778AB9A1950612200094A03 /* Release */,
			);
			defaultConfigurationIsVisible = 0;
		};
		5778AB9B1950612200094A03 /* Build configuration list for PBXNativeTarget "DemoObjCTests" */ = {
			isa = XCConfigurationList;
			buildConfigurations = (
				5778AB9C1950612200094A03 /* Debug */,
				5778AB9D1950612200094A03 /* Release */,
			);
			defaultConfigurationIsVisible = 0;
		};
/* End XCConfigurationList section */
	};
	rootObject = 5778AB5E1950612200094A03 /* Project object */;
}
